PODS:
  - Charts (3.2.1):
    - Charts/Core (= 3.2.1)
  - Charts/Core (3.2.1)
  - Macaw (0.9.3):
    - SWXMLHash
  - SWXMLHash (4.7.5)

DEPENDENCIES:
  - Charts
  - Macaw

SPEC REPOS:
  https://github.com/cocoapods/specs.git:
    - Charts
    - Macaw
    - SWXMLHash

SPEC CHECKSUMS:
  Charts: f122fb70b19847fa5817d018b77d6c5a2296ab25
  Macaw: e370d81f465ea1daa8a72d2afa218000bcd24f0a
  SWXMLHash: 9d29f0d9f83ad07851572421cd55a5971c368e7f

PODFILE CHECKSUM: ed369ac7a9893e7c22774b9e04b687e168f54217

COCOAPODS: 1.7.1
